Microsoft Visual Studio Solution File, Format Version 12.00
# Visual Studio Version 17
VisualStudioVersion = 17.5.2.0
MinimumVisualStudioVersion = 10.0.40219.1
Project("{FAE04EC0-301F-11D3-BF4B-00C04F79EFBC}") = "Api", "Api\Api.csproj", "{CBFA08EA-AECE-205F-7B85-326FD0B81BAD}"
EndProject
Project("{FAE04EC0-301F-11D3-BF4B-00C04F79EFBC}") = "SaleService.Infrastructure", "SaleService.Infrastructure\SaleService.Infrastructure.csproj", "{D7325015-0F1D-8D0C-5425-B4CF4F71FA81}"
EndProject
Project("{FAE04EC0-301F-11D3-BF4B-00C04F79EFBC}") = "SaleService.Domain", "SaleService.Domain\SaleService.Domain.csproj", "{0B0D7EDC-9E7A-E4AA-A335-B685390BA079}"
EndProject
Global
	GlobalSection(SolutionConfigurationPlatforms) = preSolution
		Debug|Any CPU = Debug|Any CPU
		Release|Any CPU = Release|Any CPU
	EndGlobalSection
	GlobalSection(ProjectConfigurationPlatforms) = postSolution
		{CBFA08EA-AECE-205F-7B85-326FD0B81BAD}.Debug|Any CPU.ActiveCfg = Debug|Any CPU
		{CBFA08EA-AECE-205F-7B85-326FD0B81BAD}.Debug|Any CPU.Build.0 = Debug|Any CPU
		{CBFA08EA-AECE-205F-7B85-326FD0B81BAD}.Release|Any CPU.ActiveCfg = Release|Any CPU
		{CBFA08EA-AECE-205F-7B85-326FD0B81BAD}.Release|Any CPU.Build.0 = Release|Any CPU
		{D7325015-0F1D-8D0C-5425-B4CF4F71FA81}.Debug|Any CPU.ActiveCfg = Debug|Any CPU
		{D7325015-0F1D-8D0C-5425-B4CF4F71FA81}.Debug|Any CPU.Build.0 = Debug|Any CPU
		{D7325015-0F1D-8D0C-5425-B4CF4F71FA81}.Release|Any CPU.ActiveCfg = Release|Any CPU
		{D7325015-0F1D-8D0C-5425-B4CF4F71FA81}.Release|Any CPU.Build.0 = Release|Any CPU
		{0B0D7EDC-9E7A-E4AA-A335-B685390BA079}.Debug|Any CPU.ActiveCfg = Debug|Any CPU
		{0B0D7EDC-9E7A-E4AA-A335-B685390BA079}.Debug|Any CPU.Build.0 = Debug|Any CPU
		{0B0D7EDC-9E7A-E4AA-A335-B685390BA079}.Release|Any CPU.ActiveCfg = Release|Any CPU
		{0B0D7EDC-9E7A-E4AA-A335-B685390BA079}.Release|Any CPU.Build.0 = Release|Any CPU
	EndGlobalSection
	GlobalSection(SolutionProperties) = preSolution
		HideSolutionNode = FALSE
	EndGlobalSection
	GlobalSection(ExtensibilityGlobals) = postSolution
		SolutionGuid = {AE674952-BF84-46A2-B667-E01F3038A13A}
	EndGlobalSection
EndGlobal
