Microsoft Visual Studio Solution File, Format Version 12.00
# Visual Studio Version 17
VisualStudioVersion = 17.5.2.0
MinimumVisualStudioVersion = 10.0.40219.1
Project("{FAE04EC0-301F-11D3-BF4B-00C04F79EFBC}") = "InventoryService.Domain", "InventoryService.Domain\InventoryService.Domain.csproj", "{8C3F0CBF-7D7B-458C-BEBB-6EC8D9289EA4}"
EndProject
Project("{FAE04EC0-301F-11D3-BF4B-00C04F79EFBC}") = "Api", "Api\Api.csproj", "{CBFA08EA-AECE-205F-7B85-326FD0B81BAD}"
EndProject
Project("{FAE04EC0-301F-11D3-BF4B-00C04F79EFBC}") = "InventoryService.Infrastructure", "InventoryService.Infrastructure\InventoryService.Infrastructure.csproj", "{88DD3877-BA44-3099-5C68-1B45FD9C1284}"
EndProject
Global
	GlobalSection(SolutionConfigurationPlatforms) = preSolution
		Debug|Any CPU = Debug|Any CPU
		Release|Any CPU = Release|Any CPU
	EndGlobalSection
	GlobalSection(ProjectConfigurationPlatforms) = postSolution
		{8C3F0CBF-7D7B-458C-BEBB-6EC8D9289EA4}.Debug|Any CPU.ActiveCfg = Debug|Any CPU
		{8C3F0CBF-7D7B-458C-BEBB-6EC8D9289EA4}.Debug|Any CPU.Build.0 = Debug|Any CPU
		{8C3F0CBF-7D7B-458C-BEBB-6EC8D9289EA4}.Release|Any CPU.ActiveCfg = Release|Any CPU
		{8C3F0CBF-7D7B-458C-BEBB-6EC8D9289EA4}.Release|Any CPU.Build.0 = Release|Any CPU
		{CBFA08EA-AECE-205F-7B85-326FD0B81BAD}.Debug|Any CPU.ActiveCfg = Debug|Any CPU
		{CBFA08EA-AECE-205F-7B85-326FD0B81BAD}.Debug|Any CPU.Build.0 = Debug|Any CPU
		{CBFA08EA-AECE-205F-7B85-326FD0B81BAD}.Release|Any CPU.ActiveCfg = Release|Any CPU
		{CBFA08EA-AECE-205F-7B85-326FD0B81BAD}.Release|Any CPU.Build.0 = Release|Any CPU
		{88DD3877-BA44-3099-5C68-1B45FD9C1284}.Debug|Any CPU.ActiveCfg = Debug|Any CPU
		{88DD3877-BA44-3099-5C68-1B45FD9C1284}.Debug|Any CPU.Build.0 = Debug|Any CPU
		{88DD3877-BA44-3099-5C68-1B45FD9C1284}.Release|Any CPU.ActiveCfg = Release|Any CPU
		{88DD3877-BA44-3099-5C68-1B45FD9C1284}.Release|Any CPU.Build.0 = Release|Any CPU
	EndGlobalSection
	GlobalSection(SolutionProperties) = preSolution
		HideSolutionNode = FALSE
	EndGlobalSection
	GlobalSection(ExtensibilityGlobals) = postSolution
		SolutionGuid = {75DB2C80-54CC-47F3-86E9-AD542D3EE005}
	EndGlobalSection
EndGlobal
